// !$*UTF8*$!
{
	archiveVersion = 1;
	classes = {
	};
	objectVersion = 46;
	objects = {

/* Begin PBXFileReference section */
		840152EF182AE45E00D58B0A /* makefile */ = {isa = PBXFileReference; fileEncoding = 4; lastKnownFileType = sourcecode.make; path = makefile; sourceTree = "<group>"; usesTabs = 1; };
		840152F0182AE46D00D58B0A /* disassemble.sh */ = {isa = PBXFileReference; fileEncoding = 4; lastKnownFileType = text.script.sh; path = disassemble.sh; sourceTree = "<group>"; };
		8406FCD6188627B8006D8DB7 /* README.md */ = {isa = PBXFileReference; fileEncoding = 4; lastKnownFileType = text; path = README.md; sourceTree = "<group>"; };
		84517BE6186FC7A4003ACE44 /* readme.txt */ = {isa = PBXFileReference; fileEncoding = 4; lastKnownFileType = text; path = readme.txt; sourceTree = "<group>"; };
		84810D0019113F4E0029A588 /* debug.txt */ = {isa = PBXFileReference; fileEncoding = 4; lastKnownFileType = text; name = debug.txt; path = patches/debug.txt; sourceTree = "<group>"; };
		849555B8191D4D0A00A5DE4D /* hdmi_audio.txt */ = {isa = PBXFileReference; fileEncoding = 4; lastKnownFileType = text; name = hdmi_audio.txt; path = patches/hdmi_audio.txt; sourceTree = "<group>"; };
		849555B9191D4D0A00A5DE4D /* cleanup.txt */ = {isa = PBXFileReference; fileEncoding = 4; lastKnownFileType = text; name = cleanup.txt; path = patches/cleanup.txt; sourceTree = "<group>"; };
		8499623A1857F04D009A226D /* syntax_dsdt.txt */ = {isa = PBXFileReference; fileEncoding = 4; lastKnownFileType = text; name = syntax_dsdt.txt; path = patches/syntax_dsdt.txt; sourceTree = "<group>"; };
		84ADB53718860F9600097B3C /* remove_wmi.txt */ = {isa = PBXFileReference; fileEncoding = 4; lastKnownFileType = text; name = remove_wmi.txt; path = patches/remove_wmi.txt; sourceTree = "<group>"; };
		84ADCC25187CB0A100720ACA /* keyboard.txt */ = {isa = PBXFileReference; fileEncoding = 4; lastKnownFileType = text; name = keyboard.txt; path = patches/keyboard.txt; sourceTree = "<group>"; };
		84CDBC0B19CA8065001E28DE /* syntax_iaoe.txt */ = {isa = PBXFileReference; fileEncoding = 4; lastKnownFileType = text; name = syntax_iaoe.txt; path = patches/syntax_iaoe.txt; sourceTree = "<group>"; };
		ED2B05DA1B4F2C11004A23A9 /* Info.plist */ = {isa = PBXFileReference; fileEncoding = 4; lastKnownFileType = text.plist.xml; name = Info.plist; path = USBXHC_Envy.kext/Contents/Info.plist; sourceTree = "<group>"; };
		ED84A43A1AE814FB00897847 /* SSDT9.dsl */ = {isa = PBXFileReference; fileEncoding = 4; lastKnownFileType = text; name = SSDT9.dsl; path = unpatched/SSDT9.dsl; sourceTree = "<group>"; };
		ED84A43B1AE814FB00897847 /* SSDT8.dsl */ = {isa = PBXFileReference; fileEncoding = 4; lastKnownFileType = text; name = SSDT8.dsl; path = unpatched/SSDT8.dsl; sourceTree = "<group>"; };
		ED84A43C1AE814FB00897847 /* SSDT7.dsl */ = {isa = PBXFileReference; fileEncoding = 4; lastKnownFileType = text; name = SSDT7.dsl; path = unpatched/SSDT7.dsl; sourceTree = "<group>"; };
		ED84A43D1AE814FB00897847 /* SSDT6.dsl */ = {isa = PBXFileReference; fileEncoding = 4; lastKnownFileType = text; name = SSDT6.dsl; path = unpatched/SSDT6.dsl; sourceTree = "<group>"; };
		ED84A43E1AE814FB00897847 /* SSDT5.dsl */ = {isa = PBXFileReference; fileEncoding = 4; lastKnownFileType = text; name = SSDT5.dsl; path = unpatched/SSDT5.dsl; sourceTree = "<group>"; };
		ED84A43F1AE814FB00897847 /* SSDT4.dsl */ = {isa = PBXFileReference; fileEncoding = 4; lastKnownFileType = text; name = SSDT4.dsl; path = unpatched/SSDT4.dsl; sourceTree = "<group>"; };
		ED84A4401AE814FB00897847 /* SSDT3.dsl */ = {isa = PBXFileReference; fileEncoding = 4; lastKnownFileType = text; name = SSDT3.dsl; path = unpatched/SSDT3.dsl; sourceTree = "<group>"; };
		ED84A4411AE814FB00897847 /* SSDT2.dsl */ = {isa = PBXFileReference; fileEncoding = 4; lastKnownFileType = text; name = SSDT2.dsl; path = unpatched/SSDT2.dsl; sourceTree = "<group>"; };
		ED84A4421AE814FB00897847 /* SSDT1.dsl */ = {isa = PBXFileReference; fileEncoding = 4; lastKnownFileType = text; name = SSDT1.dsl; path = unpatched/SSDT1.dsl; sourceTree = "<group>"; };
		ED84A4431AE814FB00897847 /* readme.txt */ = {isa = PBXFileReference; fileEncoding = 4; lastKnownFileType = text; name = readme.txt; path = unpatched/readme.txt; sourceTree = "<group>"; };
		ED84A4441AE814FB00897847 /* DSDT.dsl */ = {isa = PBXFileReference; fileEncoding = 4; lastKnownFileType = text; name = DSDT.dsl; path = unpatched/DSDT.dsl; sourceTree = "<group>"; };
		ED84A4451AE8156000897847 /* SSDT6.dsl */ = {isa = PBXFileReference; fileEncoding = 4; lastKnownFileType = text; path = SSDT6.dsl; sourceTree = "<group>"; };
		ED84A4461AE8156000897847 /* SSDT5.dsl */ = {isa = PBXFileReference; fileEncoding = 4; lastKnownFileType = text; path = SSDT5.dsl; sourceTree = "<group>"; };
		ED84A4471AE8156000897847 /* SSDT4.dsl */ = {isa = PBXFileReference; fileEncoding = 4; lastKnownFileType = text; path = SSDT4.dsl; sourceTree = "<group>"; };
		ED84A4481AE8156000897847 /* SSDT3.dsl */ = {isa = PBXFileReference; fileEncoding = 4; lastKnownFileType = text; path = SSDT3.dsl; sourceTree = "<group>"; };
		ED84A4491AE8156000897847 /* SSDT2.dsl */ = {isa = PBXFileReference; fileEncoding = 4; lastKnownFileType = text; path = SSDT2.dsl; sourceTree = "<group>"; };
		ED84A44A1AE8156000897847 /* DSDT.dsl */ = {isa = PBXFileReference; fileEncoding = 4; lastKnownFileType = text; path = DSDT.dsl; sourceTree = "<group>"; };
		ED84A44B1AE8157900897847 /* usb.txt */ = {isa = PBXFileReference; fileEncoding = 4; lastKnownFileType = text; name = usb.txt; path = patches/usb.txt; sourceTree = "<group>"; };
		ED84A44C1AE8157900897847 /* syntax_ppc.txt */ = {isa = PBXFileReference; fileEncoding = 4; lastKnownFileType = text; name = syntax_ppc.txt; path = patches/syntax_ppc.txt; sourceTree = "<group>"; };
		ED84A44D1AE8157900897847 /* sensors.txt */ = {isa = PBXFileReference; fileEncoding = 4; lastKnownFileType = text; name = sensors.txt; path = patches/sensors.txt; sourceTree = "<group>"; };
		ED84A44E1AE8157900897847 /* nvidia_off.txt */ = {isa = PBXFileReference; fileEncoding = 4; lastKnownFileType = text; name = nvidia_off.txt; path = patches/nvidia_off.txt; sourceTree = "<group>"; };
		ED84A44F1AE8157900897847 /* iaoe.txt */ = {isa = PBXFileReference; fileEncoding = 4; lastKnownFileType = text; name = iaoe.txt; path = patches/iaoe.txt; sourceTree = "<group>"; };
		ED84A4501AE8157900897847 /* graphics.txt */ = {isa = PBXFileReference; fileEncoding = 4; lastKnownFileType = text; name = graphics.txt; path = patches/graphics.txt; sourceTree = "<group>"; };
		ED84A4511AE8157900897847 /* debug1.txt */ = {isa = PBXFileReference; fileEncoding = 4; lastKnownFileType = text; name = debug1.txt; path = patches/debug1.txt; sourceTree = "<group>"; };
		ED84A4521AE8157900897847 /* card_reader.txt */ = {isa = PBXFileReference; fileEncoding = 4; lastKnownFileType = text; name = card_reader.txt; path = patches/card_reader.txt; sourceTree = "<group>"; };
		ED84A4531AE8157900897847 /* bcm_wifi.txt */ = {isa = PBXFileReference; fileEncoding = 4; lastKnownFileType = text; name = bcm_wifi.txt; path = patches/bcm_wifi.txt; sourceTree = "<group>"; };
		ED84A4541AE8157900897847 /* audio.txt */ = {isa = PBXFileReference; fileEncoding = 4; lastKnownFileType = text; name = audio.txt; path = patches/audio.txt; sourceTree = "<group>"; };
		ED84A4551AE815E000897847 /* patch_hda.sh */ = {isa = PBXFileReference; fileEncoding = 4; lastKnownFileType = text.script.sh; path = patch_hda.sh; sourceTree = "<group>"; };
		ED84A4561AE815E000897847 /* mount_efi.sh */ = {isa = PBXFileReference; fileEncoding = 4; lastKnownFileType = text.script.sh; path = mount_efi.sh; sourceTree = "<group>"; };
		ED84A4571AE815E000897847 /* License.md */ = {isa = PBXFileReference; fileEncoding = 4; lastKnownFileType = net.daringfireball.markdown; path = License.md; sourceTree = "<group>"; };
		ED84A4581AE815E000897847 /* install_downloads.sh */ = {isa = PBXFileReference; fileEncoding = 4; lastKnownFileType = text.script.sh; path = install_downloads.sh; sourceTree = "<group>"; };
		ED84A4591AE815E000897847 /* download.sh */ = {isa = PBXFileReference; fileEncoding = 4; lastKnownFileType = text.script.sh; path = download.sh; sourceTree = "<group>"; };
		ED84A45A1AE815E000897847 /* config.plist */ = {isa = PBXFileReference; fileEncoding = 4; lastKnownFileType = text.plist.xml; path = config.plist; sourceTree = "<group>"; };
		ED84A45B1AE815F700897847 /* Platforms.plist */ = {isa = PBXFileReference; fileEncoding = 4; lastKnownFileType = text.plist.xml; name = Platforms.plist; path = Resources_IDT76e0_Envy/layout/Platforms.plist; sourceTree = "<group>"; };
		ED84A45C1AE815F700897847 /* layout12.plist */ = {isa = PBXFileReference; fileEncoding = 4; lastKnownFileType = text.plist.xml; name = layout12.plist; path = Resources_IDT76e0_Envy/layout/layout12.plist; sourceTree = "<group>"; };
		ED84A45D1AE815F700897847 /* ahhcd.plist */ = {isa = PBXFileReference; fileEncoding = 4; lastKnownFileType = text.plist.xml; name = ahhcd.plist; path = Resources_IDT76e0_Envy/ahhcd.plist; sourceTree = "<group>"; };
		EDCBBC731B4F5EDD007F14C3 /* patch_backlight.sh */ = {isa = PBXFileReference; lastKnownFileType = text.script.sh; path = patch_backlight.sh; sourceTree = "<group>"; };
		EDCBBC741B4F5EDD007F14C3 /* Backlight.plist */ = {isa = PBXFileReference; lastKnownFileType = text.plist.xml; path = Backlight.plist; sourceTree = "<group>"; };
		EDE734D71AE87BB400B07AD4 /* syntax_dsdt_nvidia.txt */ = {isa = PBXFileReference; fileEncoding = 4; lastKnownFileType = text; name = syntax_dsdt_nvidia.txt; path = patches/syntax_dsdt_nvidia.txt; sourceTree = "<group>"; };
/* End PBXFileReference section */

/* Begin PBXGroup section */
		840152E4182AE40B00D58B0A = {
			isa = PBXGroup;
			children = (
				840152EF182AE45E00D58B0A /* makefile */,
				ED84A4571AE815E000897847 /* License.md */,
				8406FCD6188627B8006D8DB7 /* README.md */,
				840152F0182AE46D00D58B0A /* disassemble.sh */,
				ED84A4561AE815E000897847 /* mount_efi.sh */,
				ED84A4581AE815E000897847 /* install_downloads.sh */,
				ED84A4591AE815E000897847 /* download.sh */,
				ED84A45A1AE815E000897847 /* config.plist */,
				EDCBBC721B4F5EBC007F14C3 /* backlight */,
				ED2B05DB1B4F2C1C004A23A9 /* USBXHC-Envy.kext */,
				ED84A45E1AE8160700897847 /* audio */,
				840152F1182AE48100D58B0A /* unpatched */,
				840152FC182AE4C600D58B0A /* patches */,
				84517BE4186FC7A4003ACE44 /* patched */,
			);
			sourceTree = "<group>";
		};
		840152F1182AE48100D58B0A /* unpatched */ = {
			isa = PBXGroup;
			children = (
				ED84A4431AE814FB00897847 /* readme.txt */,
				ED84A4441AE814FB00897847 /* DSDT.dsl */,
				ED84A43A1AE814FB00897847 /* SSDT9.dsl */,
				ED84A43B1AE814FB00897847 /* SSDT8.dsl */,
				ED84A43C1AE814FB00897847 /* SSDT7.dsl */,
				ED84A43D1AE814FB00897847 /* SSDT6.dsl */,
				ED84A43E1AE814FB00897847 /* SSDT5.dsl */,
				ED84A43F1AE814FB00897847 /* SSDT4.dsl */,
				ED84A4401AE814FB00897847 /* SSDT3.dsl */,
				ED84A4411AE814FB00897847 /* SSDT2.dsl */,
				ED84A4421AE814FB00897847 /* SSDT1.dsl */,
			);
			name = unpatched;
			sourceTree = "<group>";
		};
		840152FC182AE4C600D58B0A /* patches */ = {
			isa = PBXGroup;
			children = (
				849555B9191D4D0A00A5DE4D /* cleanup.txt */,
				84ADB53718860F9600097B3C /* remove_wmi.txt */,
				8499623A1857F04D009A226D /* syntax_dsdt.txt */,
				EDE734D71AE87BB400B07AD4 /* syntax_dsdt_nvidia.txt */,
				ED84A44C1AE8157900897847 /* syntax_ppc.txt */,
				84CDBC0B19CA8065001E28DE /* syntax_iaoe.txt */,
				ED84A44F1AE8157900897847 /* iaoe.txt */,
				ED84A4501AE8157900897847 /* graphics.txt */,
				84810D0019113F4E0029A588 /* debug.txt */,
				ED84A4511AE8157900897847 /* debug1.txt */,
				ED84A4541AE8157900897847 /* audio.txt */,
				849555B8191D4D0A00A5DE4D /* hdmi_audio.txt */,
				84ADCC25187CB0A100720ACA /* keyboard.txt */,
				ED84A44E1AE8157900897847 /* nvidia_off.txt */,
				ED84A44D1AE8157900897847 /* sensors.txt */,
				ED84A44B1AE8157900897847 /* usb.txt */,
				ED84A4521AE8157900897847 /* card_reader.txt */,
				ED84A4531AE8157900897847 /* bcm_wifi.txt */,
			);
			name = patches;
			sourceTree = "<group>";
		};
		84517BE4186FC7A4003ACE44 /* patched */ = {
			isa = PBXGroup;
			children = (
				84517BE6186FC7A4003ACE44 /* readme.txt */,
				ED84A44A1AE8156000897847 /* DSDT.dsl */,
				ED84A4451AE8156000897847 /* SSDT6.dsl */,
				ED84A4461AE8156000897847 /* SSDT5.dsl */,
				ED84A4471AE8156000897847 /* SSDT4.dsl */,
				ED84A4481AE8156000897847 /* SSDT3.dsl */,
				ED84A4491AE8156000897847 /* SSDT2.dsl */,
			);
			path = patched;
			sourceTree = "<group>";
		};
		ED2B05DB1B4F2C1C004A23A9 /* USBXHC-Envy.kext */ = {
			isa = PBXGroup;
			children = (
				ED2B05DA1B4F2C11004A23A9 /* Info.plist */,
			);
			name = "USBXHC-Envy.kext";
			sourceTree = "<group>";
		};
		ED84A45E1AE8160700897847 /* audio */ = {
			isa = PBXGroup;
			children = (
				ED84A45B1AE815F700897847 /* Platforms.plist */,
				ED84A45C1AE815F700897847 /* layout12.plist */,
				ED84A45D1AE815F700897847 /* ahhcd.plist */,
				ED84A4551AE815E000897847 /* patch_hda.sh */,
			);
			name = audio;
			sourceTree = "<group>";
		};
		EDCBBC721B4F5EBC007F14C3 /* backlight */ = {
			isa = PBXGroup;
			children = (
				EDCBBC731B4F5EDD007F14C3 /* patch_backlight.sh */,
				EDCBBC741B4F5EDD007F14C3 /* Backlight.plist */,
			);
			name = backlight;
			sourceTree = "<group>";
		};
/* End PBXGroup section */

/* Begin PBXLegacyTarget section */
		840152E9182AE40B00D58B0A /* envy15 */ = {
			isa = PBXLegacyTarget;
			buildArgumentsString = "$(ACTION)";
			buildConfigurationList = 840152EC182AE40B00D58B0A /* Build configuration list for PBXLegacyTarget "envy15" */;
			buildPhases = (
			);
			buildToolPath = /usr/bin/make;
			dependencies = (
			);
			name = envy15;
			passBuildSettingsInEnvironment = 1;
			productName = envy15;
		};
/* End PBXLegacyTarget section */

/* Begin PBXProject section */
		840152E5182AE40B00D58B0A /* Project object */ = {
			isa = PBXProject;
			attributes = {
				LastUpgradeCheck = 0500;
				ORGANIZATIONNAME = RehabMan;
			};
			buildConfigurationList = 840152E8182AE40B00D58B0A /* Build configuration list for PBXProject "envy15" */;
			compatibilityVersion = "Xcode 3.2";
			developmentRegion = English;
			hasScannedForEncodings = 0;
			knownRegions = (
				en,
			);
			mainGroup = 840152E4182AE40B00D58B0A;
			projectDirPath = "";
			projectRoot = "";
			targets = (
				840152E9182AE40B00D58B0A /* envy15 */,
			);
		};
/* End PBXProject section */

/* Begin XCBuildConfiguration section */
		840152EA182AE40B00D58B0A /* Debug */ = {
			isa = XCBuildConfiguration;
			buildSettings = {
				ALWAYS_SEARCH_USER_PATHS = NO;
				CLANG_CXX_LANGUAGE_STANDARD = "gnu++0x";
				CLANG_CXX_LIBRARY = "libc++";
				CLANG_ENABLE_OBJC_ARC = YES;
				CLANG_WARN_BOOL_CONVERSION = YES;
				CLANG_WARN_CONSTANT_CONVERSION = YES;
				CLANG_WARN_DIRECT_OBJC_ISA_USAGE = YES_ERROR;
				CLANG_WARN_EMPTY_BODY = YES;
				CLANG_WARN_ENUM_CONVERSION = YES;
				CLANG_WARN_INT_CONVERSION = YES;
				CLANG_WARN_OBJC_ROOT_CLASS = YES_ERROR;
				CLANG_WARN__DUPLICATE_METHOD_MATCH = YES;
				COPY_PHASE_STRIP = NO;
				GCC_C_LANGUAGE_STANDARD = gnu99;
				GCC_DYNAMIC_NO_PIC = NO;
				GCC_ENABLE_OBJC_EXCEPTIONS = YES;
				GCC_OPTIMIZATION_LEVEL = 0;
				GCC_PREPROCESSOR_DEFINITIONS = (
					"DEBUG=1",
					"$(inherited)",
				);
				GCC_SYMBOLS_PRIVATE_EXTERN = NO;
				GCC_WARN_64_TO_32_BIT_CONVERSION = YES;
				GCC_WARN_ABOUT_RETURN_TYPE = YES_ERROR;
				GCC_WARN_UNDECLARED_SELECTOR = YES;
				GCC_WARN_UNINITIALIZED_AUTOS = YES;
				GCC_WARN_UNUSED_FUNCTION = YES;
				GCC_WARN_UNUSED_VARIABLE = YES;
				MACOSX_DEPLOYMENT_TARGET = 10.9;
				ONLY_ACTIVE_ARCH = YES;
				SDKROOT = macosx;
			};
			name = Debug;
		};
		840152EB182AE40B00D58B0A /* Release */ = {
			isa = XCBuildConfiguration;
			buildSettings = {
				ALWAYS_SEARCH_USER_PATHS = NO;
				CLANG_CXX_LANGUAGE_STANDARD = "gnu++0x";
				CLANG_CXX_LIBRARY = "libc++";
				CLANG_ENABLE_OBJC_ARC = YES;
				CLANG_WARN_BOOL_CONVERSION = YES;
				CLANG_WARN_CONSTANT_CONVERSION = YES;
				CLANG_WARN_DIRECT_OBJC_ISA_USAGE = YES_ERROR;
				CLANG_WARN_EMPTY_BODY = YES;
				CLANG_WARN_ENUM_CONVERSION = YES;
				CLANG_WARN_INT_CONVERSION = YES;
				CLANG_WARN_OBJC_ROOT_CLASS = YES_ERROR;
				CLANG_WARN__DUPLICATE_METHOD_MATCH = YES;
				COPY_PHASE_STRIP = YES;
				DEBUG_INFORMATION_FORMAT = "dwarf-with-dsym";
				ENABLE_NS_ASSERTIONS = NO;
				GCC_C_LANGUAGE_STANDARD = gnu99;
				GCC_ENABLE_OBJC_EXCEPTIONS = YES;
				GCC_WARN_64_TO_32_BIT_CONVERSION = YES;
				GCC_WARN_ABOUT_RETURN_TYPE = YES_ERROR;
				GCC_WARN_UNDECLARED_SELECTOR = YES;
				GCC_WARN_UNINITIALIZED_AUTOS = YES;
				GCC_WARN_UNUSED_FUNCTION = YES;
				GCC_WARN_UNUSED_VARIABLE = YES;
				MACOSX_DEPLOYMENT_TARGET = 10.9;
				SDKROOT = macosx;
			};
			name = Release;
		};
		840152ED182AE40B00D58B0A /* Debug */ = {
			isa = XCBuildConfiguration;
			buildSettings = {
				DEBUGGING_SYMBOLS = YES;
				GCC_GENERATE_DEBUGGING_SYMBOLS = YES;
				GCC_OPTIMIZATION_LEVEL = 0;
				OTHER_CFLAGS = "";
				OTHER_LDFLAGS = "";
				PRODUCT_NAME = "$(TARGET_NAME)";
			};
			name = Debug;
		};
		840152EE182AE40B00D58B0A /* Release */ = {
			isa = XCBuildConfiguration;
			buildSettings = {
				OTHER_CFLAGS = "";
				OTHER_LDFLAGS = "";
				PRODUCT_NAME = "$(TARGET_NAME)";
			};
			name = Release;
		};
/* End XCBuildConfiguration section */

/* Begin XCConfigurationList section */
		840152E8182AE40B00D58B0A /* Build configuration list for PBXProject "envy15" */ = {
			isa = XCConfigurationList;
			buildConfigurations = (
				840152EA182AE40B00D58B0A /* Debug */,
				840152EB182AE40B00D58B0A /* Release */,
			);
			defaultConfigurationIsVisible = 0;
			defaultConfigurationName = Release;
		};
		840152EC182AE40B00D58B0A /* Build configuration list for PBXLegacyTarget "envy15" */ = {
			isa = XCConfigurationList;
			buildConfigurations = (
				840152ED182AE40B00D58B0A /* Debug */,
				840152EE182AE40B00D58B0A /* Release */,
			);
			defaultConfigurationIsVisible = 0;
			defaultConfigurationName = Release;
		};
/* End XCConfigurationList section */
	};
	rootObject = 840152E5182AE40B00D58B0A /* Project object */;
}
